
Microsoft Visual Studio Solution File, Format Version 12.00
# Visual Studio Version 17
VisualStudioVersion = 17.14.36221.1 d17.14
MinimumVisualStudioVersion = 10.0.40219.1
Project("{FAE04EC0-301F-11D3-BF4B-00C04F79EFBC}") = "LinQ 1", "LinQ 1\LinQ 1.csproj", "{693DD5A6-5865-45B8-AFE0-01D7FF185DDF}"
EndProject
Global
	GlobalSection(SolutionConfigurationPlatforms) = preSolution
		Debug|Any CPU = Debug|Any CPU
		Release|Any CPU = Release|Any CPU
	EndGlobalSection
	GlobalSection(ProjectConfigurationPlatforms) = postSolution
		{693DD5A6-5865-45B8-AFE0-01D7FF185DDF}.Debug|Any CPU.ActiveCfg = Debug|Any CPU
		{693DD5A6-5865-45B8-AFE0-01D7FF185DDF}.Debug|Any CPU.Build.0 = Debug|Any CPU
		{693DD5A6-5865-45B8-AFE0-01D7FF185DDF}.Release|Any CPU.ActiveCfg = Release|Any CPU
		{693DD5A6-5865-45B8-AFE0-01D7FF185DDF}.Release|Any CPU.Build.0 = Release|Any CPU
	EndGlobalSection
	GlobalSection(SolutionProperties) = preSolution
		HideSolutionNode = FALSE
	EndGlobalSection
	GlobalSection(ExtensibilityGlobals) = postSolution
		SolutionGuid = {910D8EE2-0D0A-4CEB-8485-83DEFB1DA557}
	EndGlobalSection
EndGlobal
